// !$*UTF8*$!
{
	archiveVersion = 1;
	classes = {
	};
	objectVersion = 46;
	objects = {

/* Begin PBXBuildFile section */
		3894A9231D8998A400CEE704 /* AppDelegate.swift in Sources */ = {isa = PBXBuildFile; fileRef = 3894A9221D8998A400CEE704 /* AppDelegate.swift */; };
		3894A9251D8998A400CEE704 /* ViewController.swift in Sources */ = {isa = PBXBuildFile; fileRef = 3894A9241D8998A400CEE704 /* ViewController.swift */; };
		3894A9281D8998A400CEE704 /* Main.storyboard in Resources */ = {isa = PBXBuildFile; fileRef = 3894A9261D8998A400CEE704 /* Main.storyboard */; };
		3894A92A1D8998A400CEE704 /* Assets.xcassets in Resources */ = {isa = PBXBuildFile; fileRef = 3894A9291D8998A400CEE704 /* Assets.xcassets */; };
		3894A92D1D8998A400CEE704 /* LaunchScreen.storyboard in Resources */ = {isa = PBXBuildFile; fileRef = 3894A92B1D8998A400CEE704 /* LaunchScreen.storyboard */; };
/* End PBXBuildFile section */

/* Begin PBXFileReference section */
		3894A91F1D8998A400CEE704 /* Rohith.p2.MapTutorial.app */ = {isa = PBXFileReference; explicitFileType = wrapper.application; includeInIndex = 0; path = Rohith.p2.MapTutorial.app; sourceTree = BUILT_PRODUCTS_DIR; };
		3894A9221D8998A400CEE704 /* AppDelegate.swift */ = {isa = PBXFileReference; lastKnownFileType = sourcecode.swift; path = AppDelegate.swift; sourceTree = "<group>"; };
		3894A9241D8998A400CEE704 /* ViewController.swift */ = {isa = PBXFileReference; lastKnownFileType = sourcecode.swift; path = ViewController.swift; sourceTree = "<group>"; };
		3894A9271D8998A400CEE704 /* Base */ = {isa = PBXFileReference; lastKnownFileType = file.storyboard; name = Base; path = Base.lproj/Main.storyboard; sourceTree = "<group>"; };
		3894A9291D8998A400CEE704 /* Assets.xcassets */ = {isa = PBXFileReference; lastKnownFileType = folder.assetcatalog; path = Assets.xcassets; sourceTree = "<group>"; };
		3894A92C1D8998A400CEE704 /* Base */ = {isa = PBXFileReference; lastKnownFileType = file.storyboard; name = Base; path = Base.lproj/LaunchScreen.storyboard; sourceTree = "<group>"; };
		3894A92E1D8998A400CEE704 /* Info.plist */ = {isa = PBXFileReference; lastKnownFileType = text.plist.xml; path = Info.plist; sourceTree = "<group>"; };
/* End PBXFileReference section */

/* Begin PBXFrameworksBuildPhase section */
		3894A91C1D8998A400CEE704 /* Frameworks */ = {
			isa = PBXFrameworksBuildPhase;
			buildActionMask = 2147483647;
			files = (
			);
			runOnlyForDeploymentPostprocessing = 0;
		};
/* End PBXFrameworksBuildPhase section */

/* Begin PBXGroup section */
		3894A9161D8998A400CEE704 = {
			isa = PBXGroup;
			children = (
				3894A9211D8998A400CEE704 /* Rohith.p2.MapTutorial */,
				3894A9201D8998A400CEE704 /* Products */,
			);
			sourceTree = "<group>";
		};
		3894A9201D8998A400CEE704 /* Products */ = {
			isa = PBXGroup;
			children = (
				3894A91F1D8998A400CEE704 /* Rohith.p2.MapTutorial.app */,
			);
			name = Products;
			sourceTree = "<group>";
		};
		3894A9211D8998A400CEE704 /* Rohith.p2.MapTutorial */ = {
			isa = PBXGroup;
			children = (
				3894A9221D8998A400CEE704 /* AppDelegate.swift */,
				3894A9241D8998A400CEE704 /* ViewController.swift */,
				3894A9261D8998A400CEE704 /* Main.storyboard */,
				3894A9291D8998A400CEE704 /* Assets.xcassets */,
				3894A92B1D8998A400CEE704 /* LaunchScreen.storyboard */,
				3894A92E1D8998A400CEE704 /* Info.plist */,
			);
			path = Rohith.p2.MapTutorial;
			sourceTree = "<group>";
		};
/* End PBXGroup section */

/* Begin PBXNativeTarget section */
		3894A91E1D8998A400CEE704 /* Rohith.p2.MapTutorial */ = {
			isa = PBXNativeTarget;
			buildConfigurationList = 3894A9311D8998A400CEE704 /* Build configuration list for PBXNativeTarget "Rohith.p2.MapTutorial" */;
			buildPhases = (
				3894A91B1D8998A400CEE704 /* Sources */,
				3894A91C1D8998A400CEE704 /* Frameworks */,
				3894A91D1D8998A400CEE704 /* Resources */,
			);
			buildRules = (
			);
			dependencies = (
			);
			name = Rohith.p2.MapTutorial;
			productName = Rohith.p2.MapTutorial;
			productReference = 3894A91F1D8998A400CEE704 /* Rohith.p2.MapTutorial.app */;
			productType = "com.apple.product-type.application";
		};
/* End PBXNativeTarget section */

/* Begin PBXProject section */
		3894A9171D8998A400CEE704 /* Project object */ = {
			isa = PBXProject;
			attributes = {
				LastSwiftUpdateCheck = 0730;
				LastUpgradeCheck = 0730;
				ORGANIZATIONNAME = "Rohith Raju";
				TargetAttributes = {
					3894A91E1D8998A400CEE704 = {
						CreatedOnToolsVersion = 7.3.1;
					};
				};
			};
			buildConfigurationList = 3894A91A1D8998A400CEE704 /* Build configuration list for PBXProject "Rohith.p2.MapTutorial" */;
			compatibilityVersion = "Xcode 3.2";
			developmentRegion = English;
			hasScannedForEncodings = 0;
			knownRegions = (
				en,
				Base,
			);
			mainGroup = 3894A9161D8998A400CEE704;
			productRefGroup = 3894A9201D8998A400CEE704 /* Products */;
			projectDirPath = "";
			projectRoot = "";
			targets = (
				3894A91E1D8998A400CEE704 /* Rohith.p2.MapTutorial */,
			);
		};
/* End PBXProject section */

/* Begin PBXResourcesBuildPhase section */
		3894A91D1D8998A400CEE704 /* Resources */ = {
			isa = PBXResourcesBuildPhase;
			buildActionMask = 2147483647;
			files = (
				3894A92D1D8998A400CEE704 /* LaunchScreen.storyboard in Resources */,
				3894A92A1D8998A400CEE704 /* Assets.xcassets in Resources */,
				3894A9281D8998A400CEE704 /* Main.storyboard in Resources */,
			);
			runOnlyForDeploymentPostprocessing = 0;
		};
/* End PBXResourcesBuildPhase section */

/* Begin PBXSourcesBuildPhase section */
		3894A91B1D8998A400CEE704 /* Sources */ = {
			isa = PBXSourcesBuildPhase;
			buildActionMask = 2147483647;
			files = (
				3894A9251D8998A400CEE704 /* ViewController.swift in Sources */,
				3894A9231D8998A400CEE704 /* AppDelegate.swift in Sources */,
			);
			runOnlyForDeploymentPostprocessing = 0;
		};
/* End PBXSourcesBuildPhase section */

/* Begin PBXVariantGroup section */
		3894A9261D8998A400CEE704 /* Main.storyboard */ = {
			isa = PBXVariantGroup;
			children = (
				3894A9271D8998A400CEE704 /* Base */,
			);
			name = Main.storyboard;
			sourceTree = "<group>";
		};
		3894A92B1D8998A400CEE704 /* LaunchScreen.storyboard */ = {
			isa = PBXVariantGroup;
			children = (
				3894A92C1D8998A400CEE704 /* Base */,
			);
			name = LaunchScreen.storyboard;
			sourceTree = "<group>";
		};
/* End PBXVariantGroup section */

/* Begin XCBuildConfiguration section */
		3894A92F1D8998A400CEE704 /* Debug */ = {
			isa = XCBuildConfiguration;
			buildSettings = {
				ALWAYS_SEARCH_USER_PATHS = NO;
				CLANG_ANALYZER_NONNULL = YES;
				CLANG_CXX_LANGUAGE_STANDARD = "gnu++0x";
				CLANG_CXX_LIBRARY = "libc++";
				CLANG_ENABLE_MODULES = YES;
				CLANG_ENABLE_OBJC_ARC = YES;
				CLANG_WARN_BOOL_CONVERSION = YES;
				CLANG_WARN_CONSTANT_CONVERSION = YES;
				CLANG_WARN_DIRECT_OBJC_ISA_USAGE = YES_ERROR;
				CLANG_WARN_EMPTY_BODY = YES;
				CLANG_WARN_ENUM_CONVERSION = YES;
				CLANG_WARN_INT_CONVERSION = YES;
				CLANG_WARN_OBJC_ROOT_CLASS = YES_ERROR;
				CLANG_WARN_UNREACHABLE_CODE = YES;
				CLANG_WARN__DUPLICATE_METHOD_MATCH = YES;
				"CODE_SIGN_IDENTITY[sdk=iphoneos*]" = "iPhone Developer";
				COPY_PHASE_STRIP = NO;
				DEBUG_INFORMATION_FORMAT = dwarf;
				ENABLE_STRICT_OBJC_MSGSEND = YES;
				ENABLE_TESTABILITY = YES;
				GCC_C_LANGUAGE_STANDARD = gnu99;
				GCC_DYNAMIC_NO_PIC = NO;
				GCC_NO_COMMON_BLOCKS = YES;
				GCC_OPTIMIZATION_LEVEL = 0;
				GCC_PREPROCESSOR_DEFINITIONS = (
					"DEBUG=1",
					"$(inherited)",
				);
				GCC_WARN_64_TO_32_BIT_CONVERSION = YES;
				GCC_WARN_ABOUT_RETURN_TYPE = YES_ERROR;
				GCC_WARN_UNDECLARED_SELECTOR = YES;
				GCC_WARN_UNINITIALIZED_AUTOS = YES_AGGRESSIVE;
				GCC_WARN_UNUSED_FUNCTION = YES;
				GCC_WARN_UNUSED_VARIABLE = YES;
				IPHONEOS_DEPLOYMENT_TARGET = 9.3;
				MTL_ENABLE_DEBUG_INFO = YES;
				ONLY_ACTIVE_ARCH = YES;
				SDKROOT = iphoneos;
				SWIFT_OPTIMIZATION_LEVEL = "-Onone";
				TARGETED_DEVICE_FAMILY = "1,2";
			};
			name = Debug;
		};
		3894A9301D8998A400CEE704 /* Release */ = {
			isa = XCBuildConfiguration;
			buildSettings = {
				ALWAYS_SEARCH_USER_PATHS = NO;
				CLANG_ANALYZER_NONNULL = YES;
				CLANG_CXX_LANGUAGE_STANDARD = "gnu++0x";
				CLANG_CXX_LIBRARY = "libc++";
				CLANG_ENABLE_MODULES = YES;
				CLANG_ENABLE_OBJC_ARC = YES;
				CLANG_WARN_BOOL_CONVERSION = YES;
				CLANG_WARN_CONSTANT_CONVERSION = YES;
				CLANG_WARN_DIRECT_OBJC_ISA_USAGE = YES_ERROR;
				CLANG_WARN_EMPTY_BODY = YES;
				CLANG_WARN_ENUM_CONVERSION = YES;
				CLANG_WARN_INT_CONVERSION = YES;
				CLANG_WARN_OBJC_ROOT_CLASS = YES_ERROR;
				CLANG_WARN_UNREACHABLE_CODE = YES;
				CLANG_WARN__DUPLICATE_METHOD_MATCH = YES;
				"CODE_SIGN_IDENTITY[sdk=iphoneos*]" = "iPhone Developer";
				COPY_PHASE_STRIP = NO;
				DEBUG_INFORMATION_FORMAT = "dwarf-with-dsym";
				ENABLE_NS_ASSERTIONS = NO;
				ENABLE_STRICT_OBJC_MSGSEND = YES;
				GCC_C_LANGUAGE_STANDARD = gnu99;
				GCC_NO_COMMON_BLOCKS = YES;
				GCC_WARN_64_TO_32_BIT_CONVERSION = YES;
				GCC_WARN_ABOUT_RETURN_TYPE = YES_ERROR;
				GCC_WARN_UNDECLARED_SELECTOR = YES;
				GCC_WARN_UNINITIALIZED_AUTOS = YES_AGGRESSIVE;
				GCC_WARN_UNUSED_FUNCTION = YES;
				GCC_WARN_UNUSED_VARIABLE = YES;
				IPHONEOS_DEPLOYMENT_TARGET = 9.3;
				MTL_ENABLE_DEBUG_INFO = NO;
				SDKROOT = iphoneos;
				TARGETED_DEVICE_FAMILY = "1,2";
				VALIDATE_PRODUCT = YES;
			};
			name = Release;
		};
		3894A9321D8998A400CEE704 /* Debug */ = {
			isa = XCBuildConfiguration;
			buildSettings = {
				ASSETCATALOG_COMPILER_APPICON_NAME = AppIcon;
				INFOPLIST_FILE = Rohith.p2.MapTutorial/Info.plist;
				LD_RUNPATH_SEARCH_PATHS = "$(inherited) @executable_path/Frameworks";
				PRODUCT_BUNDLE_IDENTIFIER = "CU.Rohith-p2-MapTutorial";
				PRODUCT_NAME = "$(TARGET_NAME)";
			};
			name = Debug;
		};
		3894A9331D8998A400CEE704 /* Release */ = {
			isa = XCBuildConfiguration;
			buildSettings = {
				ASSETCATALOG_COMPILER_APPICON_NAME = AppIcon;
				INFOPLIST_FILE = Rohith.p2.MapTutorial/Info.plist;
				LD_RUNPATH_SEARCH_PATHS = "$(inherited) @executable_path/Frameworks";
				PRODUCT_BUNDLE_IDENTIFIER = "CU.Rohith-p2-MapTutorial";
				PRODUCT_NAME = "$(TARGET_NAME)";
			};
			name = Release;
		};
/* End XCBuildConfiguration section */

/* Begin XCConfigurationList section */
		3894A91A1D8998A400CEE704 /* Build configuration list for PBXProject "Rohith.p2.MapTutorial" */ = {
			isa = XCConfigurationList;
			buildConfigurations = (
				3894A92F1D8998A400CEE704 /* Debug */,
				3894A9301D8998A400CEE704 /* Release */,
			);
			defaultConfigurationIsVisible = 0;
			defaultConfigurationName = Release;
		};
		3894A9311D8998A400CEE704 /* Build configuration list for PBXNativeTarget "Rohith.p2.MapTutorial" */ = {
			isa = XCConfigurationList;
			buildConfigurations = (
				3894A9321D8998A400CEE704 /* Debug */,
				3894A9331D8998A400CEE704 /* Release */,
			);
			defaultConfigurationIsVisible = 0;
		};
/* End XCConfigurationList section */
	};
	rootObject = 3894A9171D8998A400CEE704 /* Project object */;
}
